// !$*UTF8*$!
{
	archiveVersion = 1;
	classes = {
	};
	objectVersion = 56;
	objects = {

/* Begin PBXBuildFile section */
		6E07819E2A7B96B6007F4561 /* AppDelegate.swift in Sources */ = {isa = PBXBuildFile; fileRef = 6E07819D2A7B96B6007F4561 /* AppDelegate.swift */; };
		6E0781A02A7B96B6007F4561 /* SceneDelegate.swift in Sources */ = {isa = PBXBuildFile; fileRef = 6E07819F2A7B96B6007F4561 /* SceneDelegate.swift */; };
		6E0781A22A7B96B6007F4561 /* ViewController.swift in Sources */ = {isa = PBXBuildFile; fileRef = 6E0781A12A7B96B6007F4561 /* ViewController.swift */; };
		6E0781A52A7B96B6007F4561 /* Main.storyboard in Resources */ = {isa = PBXBuildFile; fileRef = 6E0781A32A7B96B6007F4561 /* Main.storyboard */; };
		6E0781A72A7B96B7007F4561 /* Assets.xcassets in Resources */ = {isa = PBXBuildFile; fileRef = 6E0781A62A7B96B7007F4561 /* Assets.xcassets */; };
		6E0781AA2A7B96B7007F4561 /* LaunchScreen.storyboard in Resources */ = {isa = PBXBuildFile; fileRef = 6E0781A82A7B96B7007F4561 /* LaunchScreen.storyboard */; };
		6E0781B52A7B96B7007F4561 /* keySocDemoTests.swift in Sources */ = {isa = PBXBuildFile; fileRef = 6E0781B42A7B96B7007F4561 /* keySocDemoTests.swift */; };
		6E0781BF2A7B96B7007F4561 /* keySocDemoUITests.swift in Sources */ = {isa = PBXBuildFile; fileRef = 6E0781BE2A7B96B7007F4561 /* keySocDemoUITests.swift */; };
		6E0781C12A7B96B7007F4561 /* keySocDemoUITestsLaunchTests.swift in Sources */ = {isa = PBXBuildFile; fileRef = 6E0781C02A7B96B7007F4561 /* keySocDemoUITestsLaunchTests.swift */; };
/* End PBXBuildFile section */

/* Begin PBXContainerItemProxy section */
		6E0781B12A7B96B7007F4561 /* PBXContainerItemProxy */ = {
			isa = PBXContainerItemProxy;
			containerPortal = 6E0781922A7B96B6007F4561 /* Project object */;
			proxyType = 1;
			remoteGlobalIDString = 6E0781992A7B96B6007F4561;
			remoteInfo = keySocDemo;
		};
		6E0781BB2A7B96B7007F4561 /* PBXContainerItemProxy */ = {
			isa = PBXContainerItemProxy;
			containerPortal = 6E0781922A7B96B6007F4561 /* Project object */;
			proxyType = 1;
			remoteGlobalIDString = 6E0781992A7B96B6007F4561;
			remoteInfo = keySocDemo;
		};
/* End PBXContainerItemProxy section */

/* Begin PBXFileReference section */
		6E07819A2A7B96B6007F4561 /* keySocDemo.app */ = {isa = PBXFileReference; explicitFileType = wrapper.application; includeInIndex = 0; path = keySocDemo.app; sourceTree = BUILT_PRODUCTS_DIR; };
		6E07819D2A7B96B6007F4561 /* AppDelegate.swift */ = {isa = PBXFileReference; lastKnownFileType = sourcecode.swift; path = AppDelegate.swift; sourceTree = "<group>"; };
		6E07819F2A7B96B6007F4561 /* SceneDelegate.swift */ = {isa = PBXFileReference; lastKnownFileType = sourcecode.swift; path = SceneDelegate.swift; sourceTree = "<group>"; };
		6E0781A12A7B96B6007F4561 /* ViewController.swift */ = {isa = PBXFileReference; lastKnownFileType = sourcecode.swift; path = ViewController.swift; sourceTree = "<group>"; };
		6E0781A42A7B96B6007F4561 /* Base */ = {isa = PBXFileReference; lastKnownFileType = file.storyboard; name = Base; path = Base.lproj/Main.storyboard; sourceTree = "<group>"; };
		6E0781A62A7B96B7007F4561 /* Assets.xcassets */ = {isa = PBXFileReference; lastKnownFileType = folder.assetcatalog; path = Assets.xcassets; sourceTree = "<group>"; };
		6E0781A92A7B96B7007F4561 /* Base */ = {isa = PBXFileReference; lastKnownFileType = file.storyboard; name = Base; path = Base.lproj/LaunchScreen.storyboard; sourceTree = "<group>"; };
		6E0781AB2A7B96B7007F4561 /* Info.plist */ = {isa = PBXFileReference; lastKnownFileType = text.plist.xml; path = Info.plist; sourceTree = "<group>"; };
		6E0781B02A7B96B7007F4561 /* keySocDemoTests.xctest */ = {isa = PBXFileReference; explicitFileType = wrapper.cfbundle; includeInIndex = 0; path = keySocDemoTests.xctest; sourceTree = BUILT_PRODUCTS_DIR; };
		6E0781B42A7B96B7007F4561 /* keySocDemoTests.swift */ = {isa = PBXFileReference; lastKnownFileType = sourcecode.swift; path = keySocDemoTests.swift; sourceTree = "<group>"; };
		6E0781BA2A7B96B7007F4561 /* keySocDemoUITests.xctest */ = {isa = PBXFileReference; explicitFileType = wrapper.cfbundle; includeInIndex = 0; path = keySocDemoUITests.xctest; sourceTree = BUILT_PRODUCTS_DIR; };
		6E0781BE2A7B96B7007F4561 /* keySocDemoUITests.swift */ = {isa = PBXFileReference; lastKnownFileType = sourcecode.swift; path = keySocDemoUITests.swift; sourceTree = "<group>"; };
		6E0781C02A7B96B7007F4561 /* keySocDemoUITestsLaunchTests.swift */ = {isa = PBXFileReference; lastKnownFileType = sourcecode.swift; path = keySocDemoUITestsLaunchTests.swift; sourceTree = "<group>"; };
/* End PBXFileReference section */

/* Begin PBXFrameworksBuildPhase section */
		6E0781972A7B96B6007F4561 /* Frameworks */ = {
			isa = PBXFrameworksBuildPhase;
			buildActionMask = 2147483647;
			files = (
			);
			runOnlyForDeploymentPostprocessing = 0;
		};
		6E0781AD2A7B96B7007F4561 /* Frameworks */ = {
			isa = PBXFrameworksBuildPhase;
			buildActionMask = 2147483647;
			files = (
			);
			runOnlyForDeploymentPostprocessing = 0;
		};
		6E0781B72A7B96B7007F4561 /* Frameworks */ = {
			isa = PBXFrameworksBuildPhase;
			buildActionMask = 2147483647;
			files = (
			);
			runOnlyForDeploymentPostprocessing = 0;
		};
/* End PBXFrameworksBuildPhase section */

/* Begin PBXGroup section */
		6E0781912A7B96B6007F4561 = {
			isa = PBXGroup;
			children = (
				6E07819C2A7B96B6007F4561 /* keySocDemo */,
				6E0781B32A7B96B7007F4561 /* keySocDemoTests */,
				6E0781BD2A7B96B7007F4561 /* keySocDemoUITests */,
				6E07819B2A7B96B6007F4561 /* Products */,
			);
			sourceTree = "<group>";
		};
		6E07819B2A7B96B6007F4561 /* Products */ = {
			isa = PBXGroup;
			children = (
				6E07819A2A7B96B6007F4561 /* keySocDemo.app */,
				6E0781B02A7B96B7007F4561 /* keySocDemoTests.xctest */,
				6E0781BA2A7B96B7007F4561 /* keySocDemoUITests.xctest */,
			);
			name = Products;
			sourceTree = "<group>";
		};
		6E07819C2A7B96B6007F4561 /* keySocDemo */ = {
			isa = PBXGroup;
			children = (
				6E07819D2A7B96B6007F4561 /* AppDelegate.swift */,
				6E07819F2A7B96B6007F4561 /* SceneDelegate.swift */,
				6E0781A12A7B96B6007F4561 /* ViewController.swift */,
				6E0781A32A7B96B6007F4561 /* Main.storyboard */,
				6E0781A62A7B96B7007F4561 /* Assets.xcassets */,
				6E0781A82A7B96B7007F4561 /* LaunchScreen.storyboard */,
				6E0781AB2A7B96B7007F4561 /* Info.plist */,
			);
			path = keySocDemo;
			sourceTree = "<group>";
		};
		6E0781B32A7B96B7007F4561 /* keySocDemoTests */ = {
			isa = PBXGroup;
			children = (
				6E0781B42A7B96B7007F4561 /* keySocDemoTests.swift */,
			);
			path = keySocDemoTests;
			sourceTree = "<group>";
		};
		6E0781BD2A7B96B7007F4561 /* keySocDemoUITests */ = {
			isa = PBXGroup;
			children = (
				6E0781BE2A7B96B7007F4561 /* keySocDemoUITests.swift */,
				6E0781C02A7B96B7007F4561 /* keySocDemoUITestsLaunchTests.swift */,
			);
			path = keySocDemoUITests;
			sourceTree = "<group>";
		};
/* End PBXGroup section */

/* Begin PBXNativeTarget section */
		6E0781992A7B96B6007F4561 /* keySocDemo */ = {
			isa = PBXNativeTarget;
			buildConfigurationList = 6E0781C42A7B96B7007F4561 /* Build configuration list for PBXNativeTarget "keySocDemo" */;
			buildPhases = (
				6E0781962A7B96B6007F4561 /* Sources */,
				6E0781972A7B96B6007F4561 /* Frameworks */,
				6E0781982A7B96B6007F4561 /* Resources */,
			);
			buildRules = (
			);
			dependencies = (
			);
			name = keySocDemo;
			productName = keySocDemo;
			productReference = 6E07819A2A7B96B6007F4561 /* keySocDemo.app */;
			productType = "com.apple.product-type.application";
		};
		6E0781AF2A7B96B7007F4561 /* keySocDemoTests */ = {
			isa = PBXNativeTarget;
			buildConfigurationList = 6E0781C72A7B96B7007F4561 /* Build configuration list for PBXNativeTarget "keySocDemoTests" */;
			buildPhases = (
				6E0781AC2A7B96B7007F4561 /* Sources */,
				6E0781AD2A7B96B7007F4561 /* Frameworks */,
				6E0781AE2A7B96B7007F4561 /* Resources */,
			);
			buildRules = (
			);
			dependencies = (
				6E0781B22A7B96B7007F4561 /* PBXTargetDependency */,
			);
			name = keySocDemoTests;
			productName = keySocDemoTests;
			productReference = 6E0781B02A7B96B7007F4561 /* keySocDemoTests.xctest */;
			productType = "com.apple.product-type.bundle.unit-test";
		};
		6E0781B92A7B96B7007F4561 /* keySocDemoUITests */ = {
			isa = PBXNativeTarget;
			buildConfigurationList = 6E0781CA2A7B96B7007F4561 /* Build configuration list for PBXNativeTarget "keySocDemoUITests" */;
			buildPhases = (
				6E0781B62A7B96B7007F4561 /* Sources */,
				6E0781B72A7B96B7007F4561 /* Frameworks */,
				6E0781B82A7B96B7007F4561 /* Resources */,
			);
			buildRules = (
			);
			dependencies = (
				6E0781BC2A7B96B7007F4561 /* PBXTargetDependency */,
			);
			name = keySocDemoUITests;
			productName = keySocDemoUITests;
			productReference = 6E0781BA2A7B96B7007F4561 /* keySocDemoUITests.xctest */;
			productType = "com.apple.product-type.bundle.ui-testing";
		};
/* End PBXNativeTarget section */

/* Begin PBXProject section */
		6E0781922A7B96B6007F4561 /* Project object */ = {
			isa = PBXProject;
			attributes = {
				BuildIndependentTargetsInParallel = 1;
				LastSwiftUpdateCheck = 1430;
				LastUpgradeCheck = 1430;
				TargetAttributes = {
					6E0781992A7B96B6007F4561 = {
						CreatedOnToolsVersion = 14.3.1;
					};
					6E0781AF2A7B96B7007F4561 = {
						CreatedOnToolsVersion = 14.3.1;
						TestTargetID = 6E0781992A7B96B6007F4561;
					};
					6E0781B92A7B96B7007F4561 = {
						CreatedOnToolsVersion = 14.3.1;
						TestTargetID = 6E0781992A7B96B6007F4561;
					};
				};
			};
			buildConfigurationList = 6E0781952A7B96B6007F4561 /* Build configuration list for PBXProject "keySocDemo" */;
			compatibilityVersion = "Xcode 14.0";
			developmentRegion = en;
			hasScannedForEncodings = 0;
			knownRegions = (
				en,
				Base,
			);
			mainGroup = 6E0781912A7B96B6007F4561;
			productRefGroup = 6E07819B2A7B96B6007F4561 /* Products */;
			projectDirPath = "";
			projectRoot = "";
			targets = (
				6E0781992A7B96B6007F4561 /* keySocDemo */,
				6E0781AF2A7B96B7007F4561 /* keySocDemoTests */,
				6E0781B92A7B96B7007F4561 /* keySocDemoUITests */,
			);
		};
/* End PBXProject section */

/* Begin PBXResourcesBuildPhase section */
		6E0781982A7B96B6007F4561 /* Resources */ = {
			isa = PBXResourcesBuildPhase;
			buildActionMask = 2147483647;
			files = (
				6E0781AA2A7B96B7007F4561 /* LaunchScreen.storyboard in Resources */,
				6E0781A72A7B96B7007F4561 /* Assets.xcassets in Resources */,
				6E0781A52A7B96B6007F4561 /* Main.storyboard in Resources */,
			);
			runOnlyForDeploymentPostprocessing = 0;
		};
		6E0781AE2A7B96B7007F4561 /* Resources */ = {
			isa = PBXResourcesBuildPhase;
			buildActionMask = 2147483647;
			files = (
			);
			runOnlyForDeploymentPostprocessing = 0;
		};
		6E0781B82A7B96B7007F4561 /* Resources */ = {
			isa = PBXResourcesBuildPhase;
			buildActionMask = 2147483647;
			files = (
			);
			runOnlyForDeploymentPostprocessing = 0;
		};
/* End PBXResourcesBuildPhase section */

/* Begin PBXSourcesBuildPhase section */
		6E0781962A7B96B6007F4561 /* Sources */ = {
			isa = PBXSourcesBuildPhase;
			buildActionMask = 2147483647;
			files = (
				6E0781A22A7B96B6007F4561 /* ViewController.swift in Sources */,
				6E07819E2A7B96B6007F4561 /* AppDelegate.swift in Sources */,
				6E0781A02A7B96B6007F4561 /* SceneDelegate.swift in Sources */,
			);
			runOnlyForDeploymentPostprocessing = 0;
		};
		6E0781AC2A7B96B7007F4561 /* Sources */ = {
			isa = PBXSourcesBuildPhase;
			buildActionMask = 2147483647;
			files = (
				6E0781B52A7B96B7007F4561 /* keySocDemoTests.swift in Sources */,
			);
			runOnlyForDeploymentPostprocessing = 0;
		};
		6E0781B62A7B96B7007F4561 /* Sources */ = {
			isa = PBXSourcesBuildPhase;
			buildActionMask = 2147483647;
			files = (
				6E0781BF2A7B96B7007F4561 /* keySocDemoUITests.swift in Sources */,
				6E0781C12A7B96B7007F4561 /* keySocDemoUITestsLaunchTests.swift in Sources */,
			);
			runOnlyForDeploymentPostprocessing = 0;
		};
/* End PBXSourcesBuildPhase section */

/* Begin PBXTargetDependency section */
		6E0781B22A7B96B7007F4561 /* PBXTargetDependency */ = {
			isa = PBXTargetDependency;
			target = 6E0781992A7B96B6007F4561 /* keySocDemo */;
			targetProxy = 6E0781B12A7B96B7007F4561 /* PBXContainerItemProxy */;
		};
		6E0781BC2A7B96B7007F4561 /* PBXTargetDependency */ = {
			isa = PBXTargetDependency;
			target = 6E0781992A7B96B6007F4561 /* keySocDemo */;
			targetProxy = 6E0781BB2A7B96B7007F4561 /* PBXContainerItemProxy */;
		};
/* End PBXTargetDependency section */

/* Begin PBXVariantGroup section */
		6E0781A32A7B96B6007F4561 /* Main.storyboard */ = {
			isa = PBXVariantGroup;
			children = (
				6E0781A42A7B96B6007F4561 /* Base */,
			);
			name = Main.storyboard;
			sourceTree = "<group>";
		};
		6E0781A82A7B96B7007F4561 /* LaunchScreen.storyboard */ = {
			isa = PBXVariantGroup;
			children = (
				6E0781A92A7B96B7007F4561 /* Base */,
			);
			name = LaunchScreen.storyboard;
			sourceTree = "<group>";
		};
/* End PBXVariantGroup section */

/* Begin XCBuildConfiguration section */
		6E0781C22A7B96B7007F4561 /* Debug */ = {
			isa = XCBuildConfiguration;
			buildSettings = {
				ALWAYS_SEARCH_USER_PATHS = NO;
				CLANG_ANALYZER_NONNULL = YES;
				CLANG_ANALYZER_NUMBER_OBJECT_CONVERSION = YES_AGGRESSIVE;
				CLANG_CXX_LANGUAGE_STANDARD = "gnu++20";
				CLANG_ENABLE_MODULES = YES;
				CLANG_ENABLE_OBJC_ARC = YES;
				CLANG_ENABLE_OBJC_WEAK = YES;
				CLANG_WARN_BLOCK_CAPTURE_AUTORELEASING = YES;
				CLANG_WARN_BOOL_CONVERSION = YES;
				CLANG_WARN_COMMA = YES;
				CLANG_WARN_CONSTANT_CONVERSION = YES;
				CLANG_WARN_DEPRECATED_OBJC_IMPLEMENTATIONS = YES;
				CLANG_WARN_DIRECT_OBJC_ISA_USAGE = YES_ERROR;
				CLANG_WARN_DOCUMENTATION_COMMENTS = YES;
				CLANG_WARN_EMPTY_BODY = YES;
				CLANG_WARN_ENUM_CONVERSION = YES;
				CLANG_WARN_INFINITE_RECURSION = YES;
				CLANG_WARN_INT_CONVERSION = YES;
				CLANG_WARN_NON_LITERAL_NULL_CONVERSION = YES;
				CLANG_WARN_OBJC_IMPLICIT_RETAIN_SELF = YES;
				CLANG_WARN_OBJC_LITERAL_CONVERSION = YES;
				CLANG_WARN_OBJC_ROOT_CLASS = YES_ERROR;
				CLANG_WARN_QUOTED_INCLUDE_IN_FRAMEWORK_HEADER = YES;
				CLANG_WARN_RANGE_LOOP_ANALYSIS = YES;
				CLANG_WARN_STRICT_PROTOTYPES = YES;
				CLANG_WARN_SUSPICIOUS_MOVE = YES;
				CLANG_WARN_UNGUARDED_AVAILABILITY = YES_AGGRESSIVE;
				CLANG_WARN_UNREACHABLE_CODE = YES;
				CLANG_WARN__DUPLICATE_METHOD_MATCH = YES;
				COPY_PHASE_STRIP = NO;
				DEBUG_INFORMATION_FORMAT = dwarf;
				ENABLE_STRICT_OBJC_MSGSEND = YES;
				ENABLE_TESTABILITY = YES;
				GCC_C_LANGUAGE_STANDARD = gnu11;
				GCC_DYNAMIC_NO_PIC = NO;
				GCC_NO_COMMON_BLOCKS = YES;
				GCC_OPTIMIZATION_LEVEL = 0;
				GCC_PREPROCESSOR_DEFINITIONS = (
					"DEBUG=1",
					"$(inherited)",
				);
				GCC_WARN_64_TO_32_BIT_CONVERSION = YES;
				GCC_WARN_ABOUT_RETURN_TYPE = YES_ERROR;
				GCC_WARN_UNDECLARED_SELECTOR = YES;
				GCC_WARN_UNINITIALIZED_AUTOS = YES_AGGRESSIVE;
				GCC_WARN_UNUSED_FUNCTION = YES;
				GCC_WARN_UNUSED_VARIABLE = YES;
				IPHONEOS_DEPLOYMENT_TARGET = 16.4;
				MTL_ENABLE_DEBUG_INFO = INCLUDE_SOURCE;
				MTL_FAST_MATH = YES;
				ONLY_ACTIVE_ARCH = YES;
				SDKROOT = iphoneos;
				SWIFT_ACTIVE_COMPILATION_CONDITIONS = DEBUG;
				SWIFT_OPTIMIZATION_LEVEL = "-Onone";
			};
			name = Debug;
		};
		6E0781C32A7B96B7007F4561 /* Release */ = {
			isa = XCBuildConfiguration;
			buildSettings = {
				ALWAYS_SEARCH_USER_PATHS = NO;
				CLANG_ANALYZER_NONNULL = YES;
				CLANG_ANALYZER_NUMBER_OBJECT_CONVERSION = YES_AGGRESSIVE;
				CLANG_CXX_LANGUAGE_STANDARD = "gnu++20";
				CLANG_ENABLE_MODULES = YES;
				CLANG_ENABLE_OBJC_ARC = YES;
				CLANG_ENABLE_OBJC_WEAK = YES;
				CLANG_WARN_BLOCK_CAPTURE_AUTORELEASING = YES;
				CLANG_WARN_BOOL_CONVERSION = YES;
				CLANG_WARN_COMMA = YES;
				CLANG_WARN_CONSTANT_CONVERSION = YES;
				CLANG_WARN_DEPRECATED_OBJC_IMPLEMENTATIONS = YES;
				CLANG_WARN_DIRECT_OBJC_ISA_USAGE = YES_ERROR;
				CLANG_WARN_DOCUMENTATION_COMMENTS = YES;
				CLANG_WARN_EMPTY_BODY = YES;
				CLANG_WARN_ENUM_CONVERSION = YES;
				CLANG_WARN_INFINITE_RECURSION = YES;
				CLANG_WARN_INT_CONVERSION = YES;
				CLANG_WARN_NON_LITERAL_NULL_CONVERSION = YES;
				CLANG_WARN_OBJC_IMPLICIT_RETAIN_SELF = YES;
				CLANG_WARN_OBJC_LITERAL_CONVERSION = YES;
				CLANG_WARN_OBJC_ROOT_CLASS = YES_ERROR;
				CLANG_WARN_QUOTED_INCLUDE_IN_FRAMEWORK_HEADER = YES;
				CLANG_WARN_RANGE_LOOP_ANALYSIS = YES;
				CLANG_WARN_STRICT_PROTOTYPES = YES;
				CLANG_WARN_SUSPICIOUS_MOVE = YES;
				CLANG_WARN_UNGUARDED_AVAILABILITY = YES_AGGRESSIVE;
				CLANG_WARN_UNREACHABLE_CODE = YES;
				CLANG_WARN__DUPLICATE_METHOD_MATCH = YES;
				COPY_PHASE_STRIP = NO;
				DEBUG_INFORMATION_FORMAT = "dwarf-with-dsym";
				ENABLE_NS_ASSERTIONS = NO;
				ENABLE_STRICT_OBJC_MSGSEND = YES;
				GCC_C_LANGUAGE_STANDARD = gnu11;
				GCC_NO_COMMON_BLOCKS = YES;
				GCC_WARN_64_TO_32_BIT_CONVERSION = YES;
				GCC_WARN_ABOUT_RETURN_TYPE = YES_ERROR;
				GCC_WARN_UNDECLARED_SELECTOR = YES;
				GCC_WARN_UNINITIALIZED_AUTOS = YES_AGGRESSIVE;
				GCC_WARN_UNUSED_FUNCTION = YES;
				GCC_WARN_UNUSED_VARIABLE = YES;
				IPHONEOS_DEPLOYMENT_TARGET = 16.4;
				MTL_ENABLE_DEBUG_INFO = NO;
				MTL_FAST_MATH = YES;
				SDKROOT = iphoneos;
				SWIFT_COMPILATION_MODE = wholemodule;
				SWIFT_OPTIMIZATION_LEVEL = "-O";
				VALIDATE_PRODUCT = YES;
			};
			name = Release;
		};
		6E0781C52A7B96B7007F4561 /* Debug */ = {
			isa = XCBuildConfiguration;
			buildSettings = {
				ASSETCATALOG_COMPILER_APPICON_NAME = AppIcon;
				ASSETCATALOG_COMPILER_GLOBAL_ACCENT_COLOR_NAME = AccentColor;
				CODE_SIGN_STYLE = Automatic;
				CURRENT_PROJECT_VERSION = 1;
				DEVELOPMENT_TEAM = W8RLJN2KNN;
				GENERATE_INFOPLIST_FILE = YES;
				INFOPLIST_FILE = keySocDemo/Info.plist;
				INFOPLIST_KEY_UIApplicationSupportsIndirectInputEvents = YES;
				INFOPLIST_KEY_UILaunchStoryboardName = LaunchScreen;
				INFOPLIST_KEY_UIMainStoryboardFile = Main;
				INFOPLIST_KEY_UISupportedInterfaceOrientations_iPad = "UIInterfaceOrientationPortrait UIInterfaceOrientationPortraitUpsideDown UIInterfaceOrientationLandscapeLeft UIInterfaceOrientationLandscapeRight";
				INFOPLIST_KEY_UISupportedInterfaceOrientations_iPhone = "UIInterfaceOrientationPortrait UIInterfaceOrientationLandscapeLeft UIInterfaceOrientationLandscapeRight";
				LD_RUNPATH_SEARCH_PATHS = (
					"$(inherited)",
					"@executable_path/Frameworks",
				);
				MARKETING_VERSION = 1.0;
				PRODUCT_BUNDLE_IDENTIFIER = personal.keySocDemo;
				PRODUCT_NAME = "$(TARGET_NAME)";
				SWIFT_EMIT_LOC_STRINGS = YES;
				SWIFT_VERSION = 5.0;
				TARGETED_DEVICE_FAMILY = "1,2";
			};
			name = Debug;
		};
		6E0781C62A7B96B7007F4561 /* Release */ = {
			isa = XCBuildConfiguration;
			buildSettings = {
				ASSETCATALOG_COMPILER_APPICON_NAME = AppIcon;
				ASSETCATALOG_COMPILER_GLOBAL_ACCENT_COLOR_NAME = AccentColor;
				CODE_SIGN_STYLE = Automatic;
				CURRENT_PROJECT_VERSION = 1;
				DEVELOPMENT_TEAM = W8RLJN2KNN;
				GENERATE_INFOPLIST_FILE = YES;
				INFOPLIST_FILE = keySocDemo/Info.plist;
				INFOPLIST_KEY_UIApplicationSupportsIndirectInputEvents = YES;
				INFOPLIST_KEY_UILaunchStoryboardName = LaunchScreen;
				INFOPLIST_KEY_UIMainStoryboardFile = Main;
				INFOPLIST_KEY_UISupportedInterfaceOrientations_iPad = "UIInterfaceOrientationPortrait UIInterfaceOrientationPortraitUpsideDown UIInterfaceOrientationLandscapeLeft UIInterfaceOrientationLandscapeRight";
				INFOPLIST_KEY_UISupportedInterfaceOrientations_iPhone = "UIInterfaceOrientationPortrait UIInterfaceOrientationLandscapeLeft UIInterfaceOrientationLandscapeRight";
				LD_RUNPATH_SEARCH_PATHS = (
					"$(inherited)",
					"@executable_path/Frameworks",
				);
				MARKETING_VERSION = 1.0;
				PRODUCT_BUNDLE_IDENTIFIER = personal.keySocDemo;
				PRODUCT_NAME = "$(TARGET_NAME)";
				SWIFT_EMIT_LOC_STRINGS = YES;
				SWIFT_VERSION = 5.0;
				TARGETED_DEVICE_FAMILY = "1,2";
			};
			name = Release;
		};
		6E0781C82A7B96B7007F4561 /* Debug */ = {
			isa = XCBuildConfiguration;
			buildSettings = {
				ALWAYS_EMBED_SWIFT_STANDARD_LIBRARIES = YES;
				BUNDLE_LOADER = "$(TEST_HOST)";
				CODE_SIGN_STYLE = Automatic;
				CURRENT_PROJECT_VERSION = 1;
				DEVELOPMENT_TEAM = W8RLJN2KNN;
				GENERATE_INFOPLIST_FILE = YES;
				IPHONEOS_DEPLOYMENT_TARGET = 16.4;
				MARKETING_VERSION = 1.0;
				PRODUCT_BUNDLE_IDENTIFIER = personal.keySocDemoTests;
				PRODUCT_NAME = "$(TARGET_NAME)";
				SWIFT_EMIT_LOC_STRINGS = NO;
				SWIFT_VERSION = 5.0;
				TARGETED_DEVICE_FAMILY = "1,2";
				TEST_HOST = "$(BUILT_PRODUCTS_DIR)/keySocDemo.app/$(BUNDLE_EXECUTABLE_FOLDER_PATH)/keySocDemo";
			};
			name = Debug;
		};
		6E0781C92A7B96B7007F4561 /* Release */ = {
			isa = XCBuildConfiguration;
			buildSettings = {
				ALWAYS_EMBED_SWIFT_STANDARD_LIBRARIES = YES;
				BUNDLE_LOADER = "$(TEST_HOST)";
				CODE_SIGN_STYLE = Automatic;
				CURRENT_PROJECT_VERSION = 1;
				DEVELOPMENT_TEAM = W8RLJN2KNN;
				GENERATE_INFOPLIST_FILE = YES;
				IPHONEOS_DEPLOYMENT_TARGET = 16.4;
				MARKETING_VERSION = 1.0;
				PRODUCT_BUNDLE_IDENTIFIER = personal.keySocDemoTests;
				PRODUCT_NAME = "$(TARGET_NAME)";
				SWIFT_EMIT_LOC_STRINGS = NO;
				SWIFT_VERSION = 5.0;
				TARGETED_DEVICE_FAMILY = "1,2";
				TEST_HOST = "$(BUILT_PRODUCTS_DIR)/keySocDemo.app/$(BUNDLE_EXECUTABLE_FOLDER_PATH)/keySocDemo";
			};
			name = Release;
		};
		6E0781CB2A7B96B7007F4561 /* Debug */ = {
			isa = XCBuildConfiguration;
			buildSettings = {
				ALWAYS_EMBED_SWIFT_STANDARD_LIBRARIES = YES;
				CODE_SIGN_STYLE = Automatic;
				CURRENT_PROJECT_VERSION = 1;
				DEVELOPMENT_TEAM = W8RLJN2KNN;
				GENERATE_INFOPLIST_FILE = YES;
				MARKETING_VERSION = 1.0;
				PRODUCT_BUNDLE_IDENTIFIER = personal.keySocDemoUITests;
				PRODUCT_NAME = "$(TARGET_NAME)";
				SWIFT_EMIT_LOC_STRINGS = NO;
				SWIFT_VERSION = 5.0;
				TARGETED_DEVICE_FAMILY = "1,2";
				TEST_TARGET_NAME = keySocDemo;
			};
			name = Debug;
		};
		6E0781CC2A7B96B7007F4561 /* Release */ = {
			isa = XCBuildConfiguration;
			buildSettings = {
				ALWAYS_EMBED_SWIFT_STANDARD_LIBRARIES = YES;
				CODE_SIGN_STYLE = Automatic;
				CURRENT_PROJECT_VERSION = 1;
				DEVELOPMENT_TEAM = W8RLJN2KNN;
				GENERATE_INFOPLIST_FILE = YES;
				MARKETING_VERSION = 1.0;
				PRODUCT_BUNDLE_IDENTIFIER = personal.keySocDemoUITests;
				PRODUCT_NAME = "$(TARGET_NAME)";
				SWIFT_EMIT_LOC_STRINGS = NO;
				SWIFT_VERSION = 5.0;
				TARGETED_DEVICE_FAMILY = "1,2";
				TEST_TARGET_NAME = keySocDemo;
			};
			name = Release;
		};
/* End XCBuildConfiguration section */

/* Begin XCConfigurationList section */
		6E0781952A7B96B6007F4561 /* Build configuration list for PBXProject "keySocDemo" */ = {
			isa = XCConfigurationList;
			buildConfigurations = (
				6E0781C22A7B96B7007F4561 /* Debug */,
				6E0781C32A7B96B7007F4561 /* Release */,
			);
			defaultConfigurationIsVisible = 0;
			defaultConfigurationName = Release;
		};
		6E0781C42A7B96B7007F4561 /* Build configuration list for PBXNativeTarget "keySocDemo" */ = {
			isa = XCConfigurationList;
			buildConfigurations = (
				6E0781C52A7B96B7007F4561 /* Debug */,
				6E0781C62A7B96B7007F4561 /* Release */,
			);
			defaultConfigurationIsVisible = 0;
			defaultConfigurationName = Release;
		};
		6E0781C72A7B96B7007F4561 /* Build configuration list for PBXNativeTarget "keySocDemoTests" */ = {
			isa = XCConfigurationList;
			buildConfigurations = (
				6E0781C82A7B96B7007F4561 /* Debug */,
				6E0781C92A7B96B7007F4561 /* Release */,
			);
			defaultConfigurationIsVisible = 0;
			defaultConfigurationName = Release;
		};
		6E0781CA2A7B96B7007F4561 /* Build configuration list for PBXNativeTarget "keySocDemoUITests" */ = {
			isa = XCConfigurationList;
			buildConfigurations = (
				6E0781CB2A7B96B7007F4561 /* Debug */,
				6E0781CC2A7B96B7007F4561 /* Release */,
			);
			defaultConfigurationIsVisible = 0;
			defaultConfigurationName = Release;
		};
/* End XCConfigurationList section */
	};
	rootObject = 6E0781922A7B96B6007F4561 /* Project object */;
}
